
Microsoft Visual Studio Solution File, Format Version 12.00
# Visual Studio 15
VisualStudioVersion = 15.0.27703.1
MinimumVisualStudioVersion = 10.0.40219.1
Project("{9A19103F-16F7-4668-BE54-9A1E7A4F7556}") = "AdventureWorksCosmos.UI", "AdventureWorksCosmos.UI\AdventureWorksCosmos.UI.csproj", "{B7B9F913-1B9D-4C6F-90D1-EA00AD5CF698}"
EndProject
Project("{9A19103F-16F7-4668-BE54-9A1E7A4F7556}") = "AdventureWorksCosmos.Products", "AdventureWorksCosmos.Products\AdventureWorksCosmos.Products.csproj", "{1AD53140-0D61-4F34-A72B-CC854B644591}"
EndProject
Project("{9A19103F-16F7-4668-BE54-9A1E7A4F7556}") = "AdventureWorksCosmos.Core", "AdventureWorksCosmos.Core\AdventureWorksCosmos.Core.csproj", "{1739EFFB-63CB-4897-973D-970E9AC6652F}"
EndProject
Project("{FAE04EC0-301F-11D3-BF4B-00C04F79EFBC}") = "AdventureWorksCosmos.Dispatcher", "AdventureWorksCosmos.Dispatcher\AdventureWorksCosmos.Dispatcher.csproj", "{475BEDA9-4026-41C2-814E-BCBEFE789593}"
EndProject
Project("{2150E333-8FDC-42A3-9474-1A3956D46DE8}") = "Solution Items", "Solution Items", "{4CC0FC44-E093-460C-A19A-9A19F1DEB8B9}"
	ProjectSection(SolutionItems) = preProject
		.gitattributes = .gitattributes
		.gitignore = .gitignore
		Directory.Build.props = Directory.Build.props
	EndProjectSection
EndProject
Global
	GlobalSection(SolutionConfigurationPlatforms) = preSolution
		Debug|Any CPU = Debug|Any CPU
		Release|Any CPU = Release|Any CPU
	EndGlobalSection
	GlobalSection(ProjectConfigurationPlatforms) = postSolution
		{B7B9F913-1B9D-4C6F-90D1-EA00AD5CF698}.Debug|Any CPU.ActiveCfg = Debug|Any CPU
		{B7B9F913-1B9D-4C6F-90D1-EA00AD5CF698}.Debug|Any CPU.Build.0 = Debug|Any CPU
		{B7B9F913-1B9D-4C6F-90D1-EA00AD5CF698}.Release|Any CPU.ActiveCfg = Release|Any CPU
		{B7B9F913-1B9D-4C6F-90D1-EA00AD5CF698}.Release|Any CPU.Build.0 = Release|Any CPU
		{1AD53140-0D61-4F34-A72B-CC854B644591}.Debug|Any CPU.ActiveCfg = Debug|Any CPU
		{1AD53140-0D61-4F34-A72B-CC854B644591}.Debug|Any CPU.Build.0 = Debug|Any CPU
		{1AD53140-0D61-4F34-A72B-CC854B644591}.Release|Any CPU.ActiveCfg = Release|Any CPU
		{1AD53140-0D61-4F34-A72B-CC854B644591}.Release|Any CPU.Build.0 = Release|Any CPU
		{1739EFFB-63CB-4897-973D-970E9AC6652F}.Debug|Any CPU.ActiveCfg = Debug|Any CPU
		{1739EFFB-63CB-4897-973D-970E9AC6652F}.Debug|Any CPU.Build.0 = Debug|Any CPU
		{1739EFFB-63CB-4897-973D-970E9AC6652F}.Release|Any CPU.ActiveCfg = Release|Any CPU
		{1739EFFB-63CB-4897-973D-970E9AC6652F}.Release|Any CPU.Build.0 = Release|Any CPU
		{475BEDA9-4026-41C2-814E-BCBEFE789593}.Debug|Any CPU.ActiveCfg = Debug|Any CPU
		{475BEDA9-4026-41C2-814E-BCBEFE789593}.Debug|Any CPU.Build.0 = Debug|Any CPU
		{475BEDA9-4026-41C2-814E-BCBEFE789593}.Release|Any CPU.ActiveCfg = Release|Any CPU
		{475BEDA9-4026-41C2-814E-BCBEFE789593}.Release|Any CPU.Build.0 = Release|Any CPU
	EndGlobalSection
	GlobalSection(SolutionProperties) = preSolution
		HideSolutionNode = FALSE
	EndGlobalSection
	GlobalSection(ExtensibilityGlobals) = postSolution
		SolutionGuid = {E2E9CF22-5D05-4DBA-922E-28F51E86ACAA}
	EndGlobalSection
EndGlobal
